
Microsoft Visual Studio Solution File, Format Version 12.00
# Visual Studio Version 16
VisualStudioVersion = 16.0.31129.286
MinimumVisualStudioVersion = 10.0.40219.1
Project("{8BC9CEB8-8B4A-11D0-8D11-00A0C91BC942}") = "20210619(二叉树习题)", "20210619(二叉树习题).vcxproj", "{F77D2711-04D9-4E03-9E07-B3E8CEF6E4F5}"
EndProject
Global
	GlobalSection(SolutionConfigurationPlatforms) = preSolution
		Debug|x64 = Debug|x64
		Debug|x86 = Debug|x86
		Release|x64 = Release|x64
		Release|x86 = Release|x86
	EndGlobalSection
	GlobalSection(ProjectConfigurationPlatforms) = postSolution
		{F77D2711-04D9-4E03-9E07-B3E8CEF6E4F5}.Debug|x64.ActiveCfg = Debug|x64
		{F77D2711-04D9-4E03-9E07-B3E8CEF6E4F5}.Debug|x64.Build.0 = Debug|x64
		{F77D2711-04D9-4E03-9E07-B3E8CEF6E4F5}.Debug|x86.ActiveCfg = Debug|Win32
		{F77D2711-04D9-4E03-9E07-B3E8CEF6E4F5}.Debug|x86.Build.0 = Debug|Win32
		{F77D2711-04D9-4E03-9E07-B3E8CEF6E4F5}.Release|x64.ActiveCfg = Release|x64
		{F77D2711-04D9-4E03-9E07-B3E8CEF6E4F5}.Release|x64.Build.0 = Release|x64
		{F77D2711-04D9-4E03-9E07-B3E8CEF6E4F5}.Release|x86.ActiveCfg = Release|Win32
		{F77D2711-04D9-4E03-9E07-B3E8CEF6E4F5}.Release|x86.Build.0 = Release|Win32
	EndGlobalSection
	GlobalSection(SolutionProperties) = preSolution
		HideSolutionNode = FALSE
	EndGlobalSection
	GlobalSection(ExtensibilityGlobals) = postSolution
		SolutionGuid = {8DEEBE59-3854-4173-961E-5E8F19A86EEB}
	EndGlobalSection
EndGlobal
