
Microsoft Visual Studio Solution File, Format Version 12.00
# Visual Studio Version 16
VisualStudioVersion = 16.0.31129.286
MinimumVisualStudioVersion = 10.0.40219.1
Project("{8BC9CEB8-8B4A-11D0-8D11-00A0C91BC942}") = "20210717", "20210717.vcxproj", "{B734B05F-25CF-4185-8F2A-1251E9EEDEE3}"
EndProject
Global
	GlobalSection(SolutionConfigurationPlatforms) = preSolution
		Debug|x64 = Debug|x64
		Debug|x86 = Debug|x86
		Release|x64 = Release|x64
		Release|x86 = Release|x86
	EndGlobalSection
	GlobalSection(ProjectConfigurationPlatforms) = postSolution
		{B734B05F-25CF-4185-8F2A-1251E9EEDEE3}.Debug|x64.ActiveCfg = Debug|x64
		{B734B05F-25CF-4185-8F2A-1251E9EEDEE3}.Debug|x64.Build.0 = Debug|x64
		{B734B05F-25CF-4185-8F2A-1251E9EEDEE3}.Debug|x86.ActiveCfg = Debug|Win32
		{B734B05F-25CF-4185-8F2A-1251E9EEDEE3}.Debug|x86.Build.0 = Debug|Win32
		{B734B05F-25CF-4185-8F2A-1251E9EEDEE3}.Release|x64.ActiveCfg = Release|x64
		{B734B05F-25CF-4185-8F2A-1251E9EEDEE3}.Release|x64.Build.0 = Release|x64
		{B734B05F-25CF-4185-8F2A-1251E9EEDEE3}.Release|x86.ActiveCfg = Release|Win32
		{B734B05F-25CF-4185-8F2A-1251E9EEDEE3}.Release|x86.Build.0 = Release|Win32
	EndGlobalSection
	GlobalSection(SolutionProperties) = preSolution
		HideSolutionNode = FALSE
	EndGlobalSection
	GlobalSection(ExtensibilityGlobals) = postSolution
		SolutionGuid = {8E37CAB8-3794-4E57-AD1F-5413B6A7FD82}
	EndGlobalSection
EndGlobal
